{
  "name": "create-webstack-app",
  "version": "1.0.0",
  "lockfileVersion": 3,
  "requires": true,
  "packages": {
    "": {
      "name": "create-webstack-app",
      "version": "1.0.0",
      "license": "MIT",
      "dependencies": {
        "chalk": "^5.6.2",
        "enquirer": "^2.4.1",
        "fs-extra": "^11.3.2",
        "inquirer": "^13.0.1"
      },
      "bin": {
        "create-webstack-app": "index.js"
      },
      "devDependencies": {
        "@types/fs-extra": "^11.0.4",
        "@types/inquirer": "^9.0.9",
        "@types/node": "^24.10.1"
      },
      "engines": {
        "node": ">=18.0.0",
        "npm": ">=9.0.0"
      }
    },
    "../../node_modules/.pnpm/@types+fs-extra@11.0.4/node_modules/@types/fs-extra": {
      "version": "11.0.4",
      "dev": true,
      "license": "MIT",
      "dependencies": {
        "@types/jsonfile": "*",
        "@types/node": "*"
      }
    },
    "../../node_modules/.pnpm/@types+inquirer@9.0.9/node_modules/@types/inquirer": {
      "version": "9.0.9",
      "dev": true,
      "license": "MIT",
      "dependencies": {
        "@types/through": "*",
        "rxjs": "^7.2.0"
      }
    },
    "../../node_modules/.pnpm/@types+node@24.10.1/node_modules/@types/node": {
      "version": "24.10.1",
      "dev": true,
      "license": "MIT",
      "dependencies": {
        "undici-types": "~7.16.0"
      }
    },
    "../../node_modules/.pnpm/chalk@5.6.2/node_modules/chalk": {
      "version": "5.6.2",
      "license": "MIT",
      "devDependencies": {
        "@types/node": "^16.11.10",
        "ava": "^3.15.0",
        "c8": "^7.10.0",
        "color-convert": "^2.0.1",
        "execa": "^6.0.0",
        "log-update": "^5.0.0",
        "matcha": "^0.7.0",
        "tsd": "^0.19.0",
        "xo": "^0.57.0",
        "yoctodelay": "^2.0.0"
      },
      "engines": {
        "node": "^12.17.0 || ^14.13 || >=16.0.0"
      },
      "funding": {
        "url": "https://github.com/chalk/chalk?sponsor=1"
      }
    },
    "../../node_modules/.pnpm/enquirer@2.4.1/node_modules/enquirer": {
      "version": "2.4.1",
      "license": "MIT",
      "dependencies": {
        "ansi-colors": "^4.1.1",
        "strip-ansi": "^6.0.1"
      },
      "devDependencies": {
        "@types/node": "^8",
        "gulp-format-md": "^2.0.0",
        "inquirer": "^6.2.0",
        "mocha": "^5.2.0",
        "nyc": "^13.1.0",
        "prompts": "^1.2.1",
        "time-require": "github:jonschlinkert/time-require",
        "typescript": "^3.1.6"
      },
      "engines": {
        "node": ">=8.6"
      }
    },
    "../../node_modules/.pnpm/fs-extra@11.3.2/node_modules/fs-extra": {
      "version": "11.3.2",
      "license": "MIT",
      "dependencies": {
        "graceful-fs": "^4.2.0",
        "jsonfile": "^6.0.1",
        "universalify": "^2.0.0"
      },
      "devDependencies": {
        "klaw": "^2.1.1",
        "klaw-sync": "^3.0.2",
        "minimist": "^1.1.1",
        "mocha": "^10.1.0",
        "nyc": "^15.0.0",
        "proxyquire": "^2.0.1",
        "read-dir-files": "^0.1.1",
        "standard": "^17.0.0"
      },
      "engines": {
        "node": ">=14.14"
      }
    },
    "../../node_modules/.pnpm/inquirer@13.0.1_@types+node@24.10.1/node_modules/inquirer": {
      "version": "13.0.1",
      "license": "MIT",
      "dependencies": {
        "@inquirer/ansi": "^2.0.1",
        "@inquirer/core": "^11.0.1",
        "@inquirer/prompts": "^8.0.1",
        "@inquirer/type": "^4.0.1",
        "mute-stream": "^3.0.0",
        "run-async": "^4.0.6",
        "rxjs": "^7.8.2"
      },
      "devDependencies": {
        "@types/mute-stream": "^0.0.4",
        "typescript": "^5.9.3"
      },
      "engines": {
        "node": ">=23.5.0 || ^22.13.0 || ^21.7.0 || ^20.12.0"
      },
      "peerDependencies": {
        "@types/node": ">=18"
      },
      "peerDependenciesMeta": {
        "@types/node": {
          "optional": true
        }
      }
    },
    "node_modules/@types/fs-extra": {
      "resolved": "../../node_modules/.pnpm/@types+fs-extra@11.0.4/node_modules/@types/fs-extra",
      "link": true
    },
    "node_modules/@types/inquirer": {
      "resolved": "../../node_modules/.pnpm/@types+inquirer@9.0.9/node_modules/@types/inquirer",
      "link": true
    },
    "node_modules/@types/node": {
      "resolved": "../../node_modules/.pnpm/@types+node@24.10.1/node_modules/@types/node",
      "link": true
    },
    "node_modules/chalk": {
      "resolved": "../../node_modules/.pnpm/chalk@5.6.2/node_modules/chalk",
      "link": true
    },
    "node_modules/enquirer": {
      "resolved": "../../node_modules/.pnpm/enquirer@2.4.1/node_modules/enquirer",
      "link": true
    },
    "node_modules/fs-extra": {
      "resolved": "../../node_modules/.pnpm/fs-extra@11.3.2/node_modules/fs-extra",
      "link": true
    },
    "node_modules/inquirer": {
      "resolved": "../../node_modules/.pnpm/inquirer@13.0.1_@types+node@24.10.1/node_modules/inquirer",
      "link": true
    }
  }
}
